github.com/mattn/go-sqlite3 v1.14.52 h1:wVbm2Qnf4OXkqhBTSPuCRZDRnxfbVrrmiCEroVdog8U=
github.com/mattn/go-sqlite3 v1.14.52/go.mod h1:6JTjA44L93a0QCyJef5YvlPoKXntQPjzWv5gtm9sB6w=
github.com/max-messenger/max-bot-api-client-go/v2 v2.4.0 h1:7cy2mCcvEUbPTQnxGr5hUPZDAf+ZumgR32/qXmzpOzQ=
github.com/max-messenger/max-bot-api-client-go/v2 v2.4.0/go.mod h1:+jiRkKZlmKeqSN+MY033xkv+j5hfDFlPX961k8a58F0=
